{
  "lockfileVersion": 2,
  "configVersion": 1,
  "workspaces": {
    "": {
      "name": "omnigateway",
      "devDependencies": {
        "@biomejs/biome": "^2.5.6",
        "@types/bun": "latest",
        "bun-types": "latest",
        "typescript": "^5.7.0",
      },
    },
    "apps/gateway": {
      "name": "@omni/gateway",
      "version": "0.0.0",
      "dependencies": {
        "@node-rs/argon2": "2.0.2",
        "@omni/ir": "workspace:*",
        "@omni/providers": "workspace:*",
        "@omni/store": "workspace:*",
        "elysia": "1.4.29",
        "zod": "4.4.3",
      },
    },
    "packages/ir": {
      "name": "@omni/ir",
      "version": "0.0.0",
    },
    "packages/providers": {
      "name": "@omni/providers",
      "version": "0.0.0",
      "dependencies": {
        "@omni/ir": "workspace:*",
      },
    },
    "packages/store": {
      "name": "@omni/store",
      "version": "0.0.0",
      "dependencies": {
        "@omni/ir": "workspace:*",
      },
    },
  },
  "packages": {
    "@biomejs/biome": ["@biomejs/biome@2.5.6", "", { "optionalDependencies": { "@biomejs/cli-darwin-arm64": "2.5.6", "@biomejs/cli-darwin-x64": "2.5.6", "@biomejs/cli-linux-arm64": "2.5.6", "@biomejs/cli-linux-arm64-musl": "2.5.6", "@biomejs/cli-linux-x64": "2.5.6", "@biomejs/cli-linux-x64-musl": "2.5.6", "@biomejs/cli-win32-arm64": "2.5.6", "@biomejs/cli-win32-x64": "2.5.6" }, "bin": { "biome": "bin/biome" } }, "sha512-lxVNjv7UF6KfhMJfL9gaUHbWdJdHbsAj6OSmwSYNdhRuG67NxNQ4Xdvh3TUxsSK9sBzJBQhEJj3AopmmNJ5pSA=="],

    "@biomejs/cli-darwin-arm64": ["@biomejs/cli-darwin-arm64@2.5.6", "", { "os": "darwin", "cpu": "arm64" }, "sha512-zMOLZP4oMrjh6m1zcSj1ud2awUPgTuMVbmQhYYWL7J8HwCnbHHBvTm7VBTRuY7epT5bez76IpKYQ11ZAqHFlnw=="],

    "@biomejs/cli-darwin-x64": ["@biomejs/cli-darwin-x64@2.5.6", "", { "os": "darwin", "cpu": "x64" }, "sha512-JAC1VqzvO7Th5ZplU0G2uGfkZbxEe9uDDektPAhF0JLusoz1w+T4okp2bkykI0bbaO2vslKiRfj4gU43JaGreA=="],

    "@biomejs/cli-linux-arm64": ["@biomejs/cli-linux-arm64@2.5.6", "", { "os": "linux", "cpu": "arm64" }, "sha512-6XsYwCFkp5sMxl85ffhgeGpGgs6A7dRYFnkceZ7WVxvycuTnGdD5xa534Z3xfrBQ0JCMK/mujT6ZNPJoghedwg=="],

    "@biomejs/cli-linux-arm64-musl": ["@biomejs/cli-linux-arm64-musl@2.5.6", "", { "os": "linux", "cpu": "arm64" }, "sha512-eUa3jeeYvfMt19LBeh6E5PUZpxnTC4JqNWo+EDjTtQjAr2xLGnWaxACtVU1DQqmHYbvThlJzLX+ZsYgrqh2qVw=="],

    "@biomejs/cli-linux-x64": ["@biomejs/cli-linux-x64@2.5.6", "", { "os": "linux", "cpu": "x64" }, "sha512-Pop9VXCFUhFTMfFefZ39S+u2rOPyNp5iHlxbZRwXGACHLy2r0jjiRgJHmaEKJzL3SyxlVeGShXhvvElvWowonA=="],

    "@biomejs/cli-linux-x64-musl": ["@biomejs/cli-linux-x64-musl@2.5.6", "", { "os": "linux", "cpu": "x64" }, "sha512-2Vp13QdKysH3HIWLaYLhUUwbK+jbZonJD1K+Lr0d0RO4wH7mkYd43vJixEDm8cUWrowoRz4UUHF1nm9Ae7ym8A=="],

    "@biomejs/cli-win32-arm64": ["@biomejs/cli-win32-arm64@2.5.6", "", { "os": "win32", "cpu": "arm64" }, "sha512-tDGshcm6BdkZOCGnTDX0Y8/U4IfBSlnUU7T56nNDuPEfed+aHg+u8G36NB43fJVl0Os6+QURXIE1yuD7AaEofA=="],

    "@biomejs/cli-win32-x64": ["@biomejs/cli-win32-x64@2.5.6", "", { "os": "win32", "cpu": "x64" }, "sha512-WN05KwXnTO/2J45RQPvzZMXf7tZUIofHoR35xIPfCo7pQ2RFidxI8sfb5mGsaTxdMmEOzHzOPRCdA5/fCpc7xQ=="],

    "@borewit/text-codec": ["@borewit/text-codec@0.2.2", "", {}, "sha512-DDaRehssg1aNrH4+2hnj1B7vnUGEjU6OIlyRdkMd0aUdIUvKXrJfXsy8LVtXAy7DRvYVluWbMspsRhz2lcW0mQ=="],

    "@emnapi/core": ["@emnapi/core@1.11.3", "", { "dependencies": { "@emnapi/wasi-threads": "1.2.3", "tslib": "^2.4.0" } }, "sha512-zLpS5asjEb7lq8jYLq37N6XKaE41DIexlY1rF/z4/tIl3wo13Sqm28fRyfIsKZD+NZ8mM5RoKkpW/rBcuoSZSg=="],

    "@emnapi/runtime": ["@emnapi/runtime@1.11.3", "", { "dependencies": { "tslib": "^2.4.0" } }, "sha512-Xz4Tpyki7XyrpbUK1jR1AhdAdaXyhhY4lZ3neLodmhpuWfy2PAQN5B46sAiU4liOXGLkHypn/qU+jvfWSCYYLA=="],

    "@emnapi/wasi-threads": ["@emnapi/wasi-threads@1.2.3", "", { "dependencies": { "tslib": "^2.4.0" } }, "sha512-ELEBe8PsLvvJ6QMr0zLt8ffvOHW/dc1m3CEzNMg7aJUv3bMaoDtw2TXyDAwkYBuroxxuHEwhRTLJSe5sya547g=="],

    "@napi-rs/wasm-runtime": ["@napi-rs/wasm-runtime@0.2.12", "", { "dependencies": { "@emnapi/core": "^1.4.3", "@emnapi/runtime": "^1.4.3", "@tybys/wasm-util": "^0.10.0" } }, "sha512-ZVWUcfwY4E/yPitQJl481FjFo3K22D6qF0DuFH6Y/nbnE11GY5uguDxZMGXPQ8WQ0128MXQD7TnfHyK4oWoIJQ=="],

    "@node-rs/argon2": ["@node-rs/argon2@2.0.2", "", { "optionalDependencies": { "@node-rs/argon2-android-arm-eabi": "2.0.2", "@node-rs/argon2-android-arm64": "2.0.2", "@node-rs/argon2-darwin-arm64": "2.0.2", "@node-rs/argon2-darwin-x64": "2.0.2", "@node-rs/argon2-freebsd-x64": "2.0.2", "@node-rs/argon2-linux-arm-gnueabihf": "2.0.2", "@node-rs/argon2-linux-arm64-gnu": "2.0.2", "@node-rs/argon2-linux-arm64-musl": "2.0.2", "@node-rs/argon2-linux-x64-gnu": "2.0.2", "@node-rs/argon2-linux-x64-musl": "2.0.2", "@node-rs/argon2-wasm32-wasi": "2.0.2", "@node-rs/argon2-win32-arm64-msvc": "2.0.2", "@node-rs/argon2-win32-ia32-msvc": "2.0.2", "@node-rs/argon2-win32-x64-msvc": "2.0.2" } }, "sha512-t64wIsPEtNd4aUPuTAyeL2ubxATCBGmeluaKXEMAFk/8w6AJIVVkeLKMBpgLW6LU2t5cQxT+env/c6jxbtTQBg=="],

    "@node-rs/argon2-android-arm-eabi": ["@node-rs/argon2-android-arm-eabi@2.0.2", "", { "os": "android", "cpu": "arm" }, "sha512-DV/H8p/jt40lrao5z5g6nM9dPNPGEHL+aK6Iy/og+dbL503Uj0AHLqj1Hk9aVUSCNnsDdUEKp4TVMi0YakDYKw=="],

    "@node-rs/argon2-android-arm64": ["@node-rs/argon2-android-arm64@2.0.2", "", { "os": "android", "cpu": "arm64" }, "sha512-1LKwskau+8O1ktKx7TbK7jx1oMOMt4YEXZOdSNIar1TQKxm6isZ0cRXgHLibPHEcNHgYRsJWDE9zvDGBB17QDg=="],

    "@node-rs/argon2-darwin-arm64": ["@node-rs/argon2-darwin-arm64@2.0.2", "", { "os": "darwin", "cpu": "arm64" }, "sha512-3TTNL/7wbcpNju5YcqUrCgXnXUSbD7ogeAKatzBVHsbpjZQbNb1NDxDjqqrWoTt6XL3z9mJUMGwbAk7zQltHtA=="],

    "@node-rs/argon2-darwin-x64": ["@node-rs/argon2-darwin-x64@2.0.2", "", { "os": "darwin", "cpu": "x64" }, "sha512-vNPfkLj5Ij5111UTiYuwgxMqE7DRbOS2y58O2DIySzSHbcnu+nipmRKg+P0doRq6eKIJStyBK8dQi5Ic8pFyDw=="],

    "@node-rs/argon2-freebsd-x64": ["@node-rs/argon2-freebsd-x64@2.0.2", "", { "os": "freebsd", "cpu": "x64" }, "sha512-M8vQZk01qojQfCqQU0/O1j1a4zPPrz93zc9fSINY7Q/6RhQRBCYwDw7ltDCZXg5JRGlSaeS8cUXWyhPGar3cGg=="],

    "@node-rs/argon2-linux-arm-gnueabihf": ["@node-rs/argon2-linux-arm-gnueabihf@2.0.2", "", { "os": "linux", "cpu": "arm" }, "sha512-7EmmEPHLzcu0G2GDh30L6G48CH38roFC2dqlQJmtRCxs6no3tTE/pvgBGatTp/o2n2oyOJcfmgndVFcUpwMnww=="],

    "@node-rs/argon2-linux-arm64-gnu": ["@node-rs/argon2-linux-arm64-gnu@2.0.2", "", { "os": "linux", "cpu": "arm64" }, "sha512-6lsYh3Ftbk+HAIZ7wNuRF4SZDtxtFTfK+HYFAQQyW7Ig3LHqasqwfUKRXVSV5tJ+xTnxjqgKzvZSUJCAyIfHew=="],

    "@node-rs/argon2-linux-arm64-musl": ["@node-rs/argon2-linux-arm64-musl@2.0.2", "", { "os": "linux", "cpu": "arm64" }, "sha512-p3YqVMNT/4DNR67tIHTYGbedYmXxW9QlFmF39SkXyEbGQwpgSf6pH457/fyXBIYznTU/smnG9EH+C1uzT5j4hA=="],

    "@node-rs/argon2-linux-x64-gnu": ["@node-rs/argon2-linux-x64-gnu@2.0.2", "", { "os": "linux", "cpu": "x64" }, "sha512-ZM3jrHuJ0dKOhvA80gKJqBpBRmTJTFSo2+xVZR+phQcbAKRlDMSZMFDiKbSTnctkfwNFtjgDdh5g1vaEV04AvA=="],

    "@node-rs/argon2-linux-x64-musl": ["@node-rs/argon2-linux-x64-musl@2.0.2", "", { "os": "linux", "cpu": "x64" }, "sha512-of5uPqk7oCRF/44a89YlWTEfjsftPywyTULwuFDKyD8QtVZoonrJR6ZWvfFE/6jBT68S0okAkAzzMEdBVWdxWw=="],

    "@node-rs/argon2-wasm32-wasi": ["@node-rs/argon2-wasm32-wasi@2.0.2", "", { "dependencies": { "@napi-rs/wasm-runtime": "^0.2.5" }, "cpu": "none" }, "sha512-U3PzLYKSQYzTERstgtHLd4ZTkOF9co57zTXT77r0cVUsleGZOrd6ut7rHzeWwoJSiHOVxxa0OhG1JVQeB7lLoQ=="],

    "@node-rs/argon2-win32-arm64-msvc": ["@node-rs/argon2-win32-arm64-msvc@2.0.2", "", { "os": "win32", "cpu": "arm64" }, "sha512-Eisd7/NM0m23ijrGr6xI2iMocdOuyl6gO27gfMfya4C5BODbUSP7ljKJ7LrA0teqZMdYHesRDzx36Js++/vhiQ=="],

    "@node-rs/argon2-win32-ia32-msvc": ["@node-rs/argon2-win32-ia32-msvc@2.0.2", "", { "os": "win32", "cpu": "ia32" }, "sha512-GsE2ezwAYwh72f9gIjbGTZOf4HxEksb5M2eCaj+Y5rGYVwAdt7C12Q2e9H5LRYxWcFvLH4m4jiSZpQQ4upnPAQ=="],

    "@node-rs/argon2-win32-x64-msvc": ["@node-rs/argon2-win32-x64-msvc@2.0.2", "", { "os": "win32", "cpu": "x64" }, "sha512-cJxWXanH4Ew9CfuZ4IAEiafpOBCe97bzoKowHCGk5lG/7kR4WF/eknnBlHW9m8q7t10mKq75kruPLtbSDqgRTw=="],

    "@omni/gateway": ["@omni/gateway@workspace:apps/gateway"],

    "@omni/ir": ["@omni/ir@workspace:packages/ir"],

    "@omni/providers": ["@omni/providers@workspace:packages/providers"],

    "@omni/store": ["@omni/store@workspace:packages/store"],

    "@sinclair/typebox": ["@sinclair/typebox@0.34.52", "", {}, "sha512-XiMQh7qqVlxZzcVD+kkGMNGMzcTrDMLWI7S4x7z1MkCkbDPrekpZXEUK0eZqZFMuHQg2a2DZOcDIh9o5v3Gonw=="],

    "@tokenizer/inflate": ["@tokenizer/inflate@0.4.1", "", { "dependencies": { "debug": "^4.4.3", "token-types": "^6.1.1" } }, "sha512-2mAv+8pkG6GIZiF1kNg1jAjh27IDxEPKwdGul3snfztFerfPGI1LjDezZp3i7BElXompqEtPmoPx6c2wgtWsOA=="],

    "@tokenizer/token": ["@tokenizer/token@0.3.0", "", {}, "sha512-OvjF+z51L3ov0OyAU0duzsYuvO01PH7x4t6DJx+guahgTnBHkhJdG7soQeTSFLWN3efnHyibZ4Z8l2EuWwJN3A=="],

    "@tybys/wasm-util": ["@tybys/wasm-util@0.10.3", "", { "dependencies": { "tslib": "^2.4.0" } }, "sha512-F3fo1MYrRJYL3zER0OUOmkutjr1Vp23m7OsSgp7nq4SP6OqX6C/56XFIPAl5bt3zaBRjmW7SGz3u/6LwFpYcOg=="],

    "@types/bun": ["@types/bun@1.3.14", "", { "dependencies": { "bun-types": "1.3.14" } }, "sha512-h1hFqFVcvAvD9j9K7ZW7vd82aSA+rTdznZa+5bwvCwqSB1jmmfLcbIWhOLx1/+boy/xmjgCs/OMUL8hRJSmnPw=="],

    "@types/node": ["@types/node@26.1.2", "", { "dependencies": { "undici-types": "~8.3.0" } }, "sha512-Vu4a5UFA9rIIFJ7rB/Vaafh9lrCQszopTCx6KjFboXTGQbPNasehVR5TEiithSDGyd1DEiUByggTZsg8jukeIg=="],

    "bun-types": ["bun-types@1.3.14", "", { "dependencies": { "@types/node": "*" } }, "sha512-4N0ig0fEomHt5R0KCFWjovxow98rIoRwKolrYdCcknNwMekCXRnWEUvgu5soYV8QXtVsrUD8B95MBOZGPvr6KQ=="],

    "cookie": ["cookie@1.1.1", "", {}, "sha512-ei8Aos7ja0weRpFzJnEA9UHJ/7XQmqglbRwnf2ATjcB9Wq874VKH9kfjjirM6UhU2/E5fFYadylyhFldcqSidQ=="],

    "debug": ["debug@4.4.3", "", { "dependencies": { "ms": "^2.1.3" }, "peerDependencies": { "supports-color": "*" }, "optionalPeers": ["supports-color"] }, "sha512-RGwwWnwQvkVfavKVt22FGLw+xYSdzARwm0ru6DhTVA3umU5hZc28V3kO4stgYryrTlLpuvgI9GiijltAjNbcqA=="],

    "elysia": ["elysia@1.4.29", "", { "dependencies": { "cookie": "^1.1.1", "exact-mirror": "^0.2.7", "fast-decode-uri-component": "^1.0.1", "memoirist": "^0.4.0" }, "peerDependencies": { "@sinclair/typebox": ">= 0.34.0 < 1", "@types/bun": ">= 1.2.0", "file-type": ">= 20.0.0", "openapi-types": ">= 12.0.0", "typescript": ">= 5.0.0" }, "optionalPeers": ["@types/bun", "typescript"] }, "sha512-GwMRGGwSdjfPt+w3LA0fqTuYJtS8uVRJicvoar98/HrO5qdFKDc9CwjIb6Kja+v39lkY+58hr2JvdR9jQzlUuA=="],

    "exact-mirror": ["exact-mirror@0.2.7", "", { "peerDependencies": { "@sinclair/typebox": "^0.34.15" }, "optionalPeers": ["@sinclair/typebox"] }, "sha512-+MeEmDcLA4o/vjK2zujgk+1VTxPR4hdp23qLqkWfStbECtAq9gmsvQa3LW6z/0GXZyHJobrCnmy1cdeE7BjsYg=="],

    "fast-decode-uri-component": ["fast-decode-uri-component@1.0.1", "", {}, "sha512-WKgKWg5eUxvRZGwW8FvfbaH7AXSh2cL+3j5fMGzUMCxWBJ3dV3a7Wz8y2f/uQ0e3B6WmodD3oS54jTQ9HVTIIg=="],

    "file-type": ["file-type@22.0.1", "", { "dependencies": { "@tokenizer/inflate": "^0.4.1", "strtok3": "^10.3.5", "token-types": "^6.1.2", "uint8array-extras": "^1.5.0" } }, "sha512-ww5Mhre0EE+jmBvOXTmXAbEMuZE7uX4a3+oRCQFNj8w++g3ev913N6tXQz0XTXbueQ5TWQfm6BdaViEHHn8bhA=="],

    "ieee754": ["ieee754@1.2.1", "", {}, "sha512-dcyqhDvX1C46lXZcVqCpK+FtMRQVdIMN6/Df5js2zouUsqG7I6sFxitIC+7KYK29KdXOLHdu9zL4sFnoVQnqaA=="],

    "memoirist": ["memoirist@0.4.0", "", {}, "sha512-zxTgA0mSYELa66DimuNQDvyLq36AwDlTuVRbnQtB+VuTcKWm5Qc4z3WkSpgsFWHNhexqkIooqpv4hdcqrX5Nmg=="],

    "ms": ["ms@2.1.3", "", {}, "sha512-6FlzubTLZG3J2a/NVCAleEhjzq5oxgHyaCU9yYXvcLsvoVaHJq/s5xXI6/XXP6tz7R9xAOtHnSO/tXtF3WRTlA=="],

    "openapi-types": ["openapi-types@12.1.3", "", {}, "sha512-N4YtSYJqghVu4iek2ZUvcN/0aqH1kRDuNqzcycDxhOUpg7GdvLa2F3DgS6yBNhInhv2r/6I0Flkn7CqL8+nIcw=="],

    "strtok3": ["strtok3@10.3.5", "", { "dependencies": { "@tokenizer/token": "^0.3.0" } }, "sha512-ki4hZQfh5rX0QDLLkOCj+h+CVNkqmp/CMf8v8kZpkNVK6jGQooMytqzLZYUVYIZcFZ6yDB70EfD8POcFXiF5oA=="],

    "token-types": ["token-types@6.1.2", "", { "dependencies": { "@borewit/text-codec": "^0.2.1", "@tokenizer/token": "^0.3.0", "ieee754": "^1.2.1" } }, "sha512-dRXchy+C0IgK8WPC6xvCHFRIWYUbqqdEIKPaKo/AcTUNzwLTK6AH7RjdLWsEZcAN/TBdtfUw3PYEgPr5VPr6ww=="],

    "tslib": ["tslib@2.8.1", "", {}, "sha512-oJFu94HQb+KVduSUQL7wnpmqnfmLsOA/nAh6b6EH0wCEoK0/mPeXU6c3wKDV83MkOuHPRHtSXKKU99IBazS/2w=="],

    "typescript": ["typescript@5.9.3", "", { "bin": { "tsc": "bin/tsc", "tsserver": "bin/tsserver" } }, "sha512-jl1vZzPDinLr9eUt3J/t7V6FgNEw9QjvBPdysz9KfQDD41fQrC2Y4vKQdiaUpFT4bXlb1RHhLpp8wtm6M5TgSw=="],

    "uint8array-extras": ["uint8array-extras@1.5.0", "", {}, "sha512-rvKSBiC5zqCCiDZ9kAOszZcDvdAHwwIKJG33Ykj43OKcWsnmcBRL09YTU4nOeHZ8Y2a7l1MgTd08SBe9A8Qj6A=="],

    "undici-types": ["undici-types@8.3.0", "", {}, "sha512-j375ScV60dom+YkPFIfTLcOiPxkN/buHz5GobjLhixFuANaNs3C9l4GmrWqejgXWJ7BbJcFYpTEUkS1Ge8bpZQ=="],

    "zod": ["zod@4.4.3", "", {}, "sha512-ytENFjIJFl2UwYglde2jchW2Hwm4GJFLDiSXWdTrJQBIN9Fcyp7n4DhxJEiWNAJMV1/BqWfW/kkg71UDcHJyTQ=="],
  }
}
